
Microsoft Visual Studio Solution File, Format Version 12.00
# Visual Studio Version 16
VisualStudioVersion = 16.0.29728.190
MinimumVisualStudioVersion = 10.0.40219.1
Project("{9A19103F-16F7-4668-BE54-9A1E7A4F7556}") = "FinalBlog", "FinalBlog\FinalBlog.csproj", "{87DB62C2-C1E7-4800-B8B4-B189D1CCAFD4}"
EndProject
Global
	GlobalSection(SolutionConfigurationPlatforms) = preSolution
		Debug|Any CPU = Debug|Any CPU
		Release|Any CPU = Release|Any CPU
	EndGlobalSection
	GlobalSection(ProjectConfigurationPlatforms) = postSolution
		{87DB62C2-C1E7-4800-B8B4-B189D1CCAFD4}.Debug|Any CPU.ActiveCfg = Debug|Any CPU
		{87DB62C2-C1E7-4800-B8B4-B189D1CCAFD4}.Debug|Any CPU.Build.0 = Debug|Any CPU
		{87DB62C2-C1E7-4800-B8B4-B189D1CCAFD4}.Release|Any CPU.ActiveCfg = Release|Any CPU
		{87DB62C2-C1E7-4800-B8B4-B189D1CCAFD4}.Release|Any CPU.Build.0 = Release|Any CPU
	EndGlobalSection
	GlobalSection(SolutionProperties) = preSolution
		HideSolutionNode = FALSE
	EndGlobalSection
	GlobalSection(ExtensibilityGlobals) = postSolution
		SolutionGuid = {515A1AC6-CDFA-4BB7-9450-9F4018AF299D}
	EndGlobalSection
EndGlobal
